<?xml version="1.0" encoding="utf-8"?>
<Project ToolsVersion="4.0" xmlns="http://schemas.microsoft.com/developer/msbuild/2003">
  <ItemGroup>
    <Filter Include="Source Files">
      <UniqueIdentifier>{4FC737F1-C7A5-4376-A066-2A32D752A2FF}</UniqueIdentifier>
      <Extensions>cpp;c;cc;cxx;def;odl;idl;hpj;bat;asm;asmx</Extensions>
    </Filter>
    <Filter Include="Source Files\FTFont">
      <UniqueIdentifier>{f9458b18-df44-4f96-ac60-46c4cde5c694}</UniqueIdentifier>
    </Filter>
    <Filter Include="Source Files\FTGlyph">
      <UniqueIdentifier>{e8f26f37-0c72-4a79-b529-850d67b0bd07}</UniqueIdentifier>
    </Filter>
    <Filter Include="Source Files\FTLayout">
      <UniqueIdentifier>{05ef4449-8127-4aab-bc3f-7c769598502a}</UniqueIdentifier>
    </Filter>
    <Filter Include="Header Files">
      <UniqueIdentifier>{93995380-89BD-4b04-88EB-625FBE52EBFB}</UniqueIdentifier>
      <Extensions>h;hpp;hxx;hm;inl;inc;xsd</Extensions>
    </Filter>
    <Filter Include="Header Files\FTFont">
      <UniqueIdentifier>{5f3ea5c4-2775-4cc3-b772-81326b69869f}</UniqueIdentifier>
    </Filter>
    <Filter Include="Header Files\FTGlyph">
      <UniqueIdentifier>{5585fa12-a04e-4fff-9d6b-39e19097a7c2}</UniqueIdentifier>
    </Filter>
    <Filter Include="Header Files\FTGL">
      <UniqueIdentifier>{347d9ed5-eb0d-4bf4-a382-c0c67f761bcb}</UniqueIdentifier>
    </Filter>
    <Filter Include="Header Files\FTLayout">
      <UniqueIdentifier>{cc9052a5-26ca-4e9f-87e1-7c71ad730d6a}</UniqueIdentifier>
    </Filter>
  </ItemGroup>
  <ItemGroup>
    <ClCompile Include="..\..\src\FTBuffer.cpp">
      <Filter>Source Files</Filter>
    </ClCompile>
    <ClCompile Include="..\..\src\FTCharmap.cpp">
      <Filter>Source Files</Filter>
    </ClCompile>
    <ClCompile Include="..\..\src\FTContour.cpp">
      <Filter>Source Files</Filter>
    </ClCompile>
    <ClCompile Include="..\..\src\FTFace.cpp">
      <Filter>Source Files</Filter>
    </ClCompile>
    <ClCompile Include="..\..\src\FTGlyphContainer.cpp">
      <Filter>Source Files</Filter>
    </ClCompile>
    <ClCompile Include="..\..\src\FTLibrary.cpp">
      <Filter>Source Files</Filter>
    </ClCompile>
    <ClCompile Include="..\..\src\FTPoint.cpp">
      <Filter>Source Files</Filter>
    </ClCompile>
    <ClCompile Include="..\..\src\FTSize.cpp">
      <Filter>Source Files</Filter>
    </ClCompile>
    <ClCompile Include="..\..\src\FTVectoriser.cpp">
      <Filter>Source Files</Filter>
    </ClCompile>
    <ClCompile Include="..\..\src\FTFont\FTBitmapFont.cpp">
      <Filter>Source Files\FTFont</Filter>
    </ClCompile>
    <ClCompile Include="..\..\src\FTFont\FTBufferFont.cpp">
      <Filter>Source Files\FTFont</Filter>
    </ClCompile>
    <ClCompile Include="..\..\src\FTFont\FTFont.cpp">
      <Filter>Source Files\FTFont</Filter>
    </ClCompile>
    <ClCompile Include="..\..\src\FTFont\FTFontGlue.cpp">
      <Filter>Source Files\FTFont</Filter>
    </ClCompile>
    <ClCompile Include="..\..\src\FTFont\FTOutlineFont.cpp">
      <Filter>Source Files\FTFont</Filter>
    </ClCompile>
    <ClCompile Include="..\..\src\FTFont\FTTextureFont.cpp">
      <Filter>Source Files\FTFont</Filter>
    </ClCompile>
    <ClCompile Include="..\..\src\FTGlyph\FTBitmapGlyph.cpp">
      <Filter>Source Files\FTGlyph</Filter>
    </ClCompile>
    <ClCompile Include="..\..\src\FTGlyph\FTBufferGlyph.cpp">
      <Filter>Source Files\FTGlyph</Filter>
    </ClCompile>
    <ClCompile Include="..\..\src\FTGlyph\FTGlyph.cpp">
      <Filter>Source Files\FTGlyph</Filter>
    </ClCompile>
    <ClCompile Include="..\..\src\FTGlyph\FTGlyphGlue.cpp">
      <Filter>Source Files\FTGlyph</Filter>
    </ClCompile>
    <ClCompile Include="..\..\src\FTGlyph\FTOutlineGlyph.cpp">
      <Filter>Source Files\FTGlyph</Filter>
    </ClCompile>
    <ClCompile Include="..\..\src\FTGlyph\FTTextureGlyph.cpp">
      <Filter>Source Files\FTGlyph</Filter>
    </ClCompile>
    <ClCompile Include="..\..\src\FTLayout\FTLayout.cpp">
      <Filter>Source Files\FTLayout</Filter>
    </ClCompile>
    <ClCompile Include="..\..\src\FTLayout\FTLayoutGlue.cpp">
      <Filter>Source Files\FTLayout</Filter>
    </ClCompile>
    <ClCompile Include="..\..\src\FTLayout\FTSimpleLayout.cpp">
      <Filter>Source Files\FTLayout</Filter>
    </ClCompile>
    <ClCompile Include="..\..\src\FTGL\ftglesGlue.cpp">
      <Filter>Source Files</Filter>
    </ClCompile>
  </ItemGroup>
  <ItemGroup>
    <ClInclude Include="..\..\src\FTCharmap.h">
      <Filter>Header Files</Filter>
    </ClInclude>
    <ClInclude Include="..\..\src\FTCharToGlyphIndexMap.h">
      <Filter>Header Files</Filter>
    </ClInclude>
    <ClInclude Include="..\..\src\FTContour.h">
      <Filter>Header Files</Filter>
    </ClInclude>
    <ClInclude Include="..\..\src\FTFace.h">
      <Filter>Header Files</Filter>
    </ClInclude>
    <ClInclude Include="..\..\src\FTGlyphContainer.h">
      <Filter>Header Files</Filter>
    </ClInclude>
    <ClInclude Include="..\..\src\FTInternals.h">
      <Filter>Header Files</Filter>
    </ClInclude>
    <ClInclude Include="..\..\src\FTLibrary.h">
      <Filter>Header Files</Filter>
    </ClInclude>
    <ClInclude Include="..\..\src\FTList.h">
      <Filter>Header Files</Filter>
    </ClInclude>
    <ClInclude Include="..\..\src\FTSize.h">
      <Filter>Header Files</Filter>
    </ClInclude>
    <ClInclude Include="..\..\src\FTUnicode.h">
      <Filter>Header Files</Filter>
    </ClInclude>
    <ClInclude Include="..\..\src\FTVector.h">
      <Filter>Header Files</Filter>
    </ClInclude>
    <ClInclude Include="..\..\src\FTVectoriser.h">
      <Filter>Header Files</Filter>
    </ClInclude>
    <ClInclude Include="..\..\src\FTFont\FTBitmapFontImpl.h">
      <Filter>Header Files\FTFont</Filter>
    </ClInclude>
    <ClInclude Include="..\..\src\FTFont\FTBufferFontImpl.h">
      <Filter>Header Files\FTFont</Filter>
    </ClInclude>
    <ClInclude Include="..\..\src\FTFont\FTExtrudeFontImpl.h">
      <Filter>Header Files\FTFont</Filter>
    </ClInclude>
    <ClInclude Include="..\..\src\FTFont\FTFontImpl.h">
      <Filter>Header Files\FTFont</Filter>
    </ClInclude>
    <ClInclude Include="..\..\src\FTFont\FTOutlineFontImpl.h">
      <Filter>Header Files\FTFont</Filter>
    </ClInclude>
    <ClInclude Include="..\..\src\FTFont\FTPixmapFontImpl.h">
      <Filter>Header Files\FTFont</Filter>
    </ClInclude>
    <ClInclude Include="..\..\src\FTFont\FTPolygonFontImpl.h">
      <Filter>Header Files\FTFont</Filter>
    </ClInclude>
    <ClInclude Include="..\..\src\FTFont\FTTextureFontImpl.h">
      <Filter>Header Files\FTFont</Filter>
    </ClInclude>
    <ClInclude Include="..\..\src\FTGlyph\FTBitmapGlyphImpl.h">
      <Filter>Header Files\FTGlyph</Filter>
    </ClInclude>
    <ClInclude Include="..\..\src\FTGlyph\FTBufferGlyphImpl.h">
      <Filter>Header Files\FTGlyph</Filter>
    </ClInclude>
    <ClInclude Include="..\..\src\FTGlyph\FTExtrudeGlyphImpl.h">
      <Filter>Header Files\FTGlyph</Filter>
    </ClInclude>
    <ClInclude Include="..\..\src\FTGlyph\FTGlyphImpl.h">
      <Filter>Header Files\FTGlyph</Filter>
    </ClInclude>
    <ClInclude Include="..\..\src\FTGlyph\FTOutlineGlyphImpl.h">
      <Filter>Header Files\FTGlyph</Filter>
    </ClInclude>
    <ClInclude Include="..\..\src\FTGlyph\FTPixmapGlyphImpl.h">
      <Filter>Header Files\FTGlyph</Filter>
    </ClInclude>
    <ClInclude Include="..\..\src\FTGlyph\FTPolygonGlyphImpl.h">
      <Filter>Header Files\FTGlyph</Filter>
    </ClInclude>
    <ClInclude Include="..\..\src\FTGlyph\FTTextureGlyphImpl.h">
      <Filter>Header Files\FTGlyph</Filter>
    </ClInclude>
    <ClInclude Include="..\..\src\FTGL\FTBBox.h">
      <Filter>Header Files\FTGL</Filter>
    </ClInclude>
    <ClInclude Include="..\..\src\FTGL\FTBitmapGlyph.h">
      <Filter>Header Files\FTGL</Filter>
    </ClInclude>
    <ClInclude Include="..\..\src\FTGL\FTBuffer.h">
      <Filter>Header Files\FTGL</Filter>
    </ClInclude>
    <ClInclude Include="..\..\src\FTGL\FTBufferFont.h">
      <Filter>Header Files\FTGL</Filter>
    </ClInclude>
    <ClInclude Include="..\..\src\FTGL\FTBufferGlyph.h">
      <Filter>Header Files\FTGL</Filter>
    </ClInclude>
    <ClInclude Include="..\..\src\FTGL\FTExtrdGlyph.h">
      <Filter>Header Files\FTGL</Filter>
    </ClInclude>
    <ClInclude Include="..\..\src\FTGL\FTFont.h">
      <Filter>Header Files\FTGL</Filter>
    </ClInclude>
    <ClInclude Include="..\..\src\FTGL\ftgl.h">
      <Filter>Header Files\FTGL</Filter>
    </ClInclude>
    <ClInclude Include="..\..\src\FTGL\FTGLBitmapFont.h">
      <Filter>Header Files\FTGL</Filter>
    </ClInclude>
    <ClInclude Include="..\..\src\FTGL\FTGLExtrdFont.h">
      <Filter>Header Files\FTGL</Filter>
    </ClInclude>
    <ClInclude Include="..\..\src\FTGL\FTGLOutlineFont.h">
      <Filter>Header Files\FTGL</Filter>
    </ClInclude>
    <ClInclude Include="..\..\src\FTGL\FTGLPixmapFont.h">
      <Filter>Header Files\FTGL</Filter>
    </ClInclude>
    <ClInclude Include="..\..\src\FTGL\FTGLPolygonFont.h">
      <Filter>Header Files\FTGL</Filter>
    </ClInclude>
    <ClInclude Include="..\..\src\FTGL\FTGLTextureFont.h">
      <Filter>Header Files\FTGL</Filter>
    </ClInclude>
    <ClInclude Include="..\..\src\FTGL\FTGlyph.h">
      <Filter>Header Files\FTGL</Filter>
    </ClInclude>
    <ClInclude Include="..\..\src\FTGL\FTLayout.h">
      <Filter>Header Files\FTGL</Filter>
    </ClInclude>
    <ClInclude Include="..\..\src\FTGL\FTOutlineGlyph.h">
      <Filter>Header Files\FTGL</Filter>
    </ClInclude>
    <ClInclude Include="..\..\src\FTGL\FTPixmapGlyph.h">
      <Filter>Header Files\FTGL</Filter>
    </ClInclude>
    <ClInclude Include="..\..\src\FTGL\FTPoint.h">
      <Filter>Header Files\FTGL</Filter>
    </ClInclude>
    <ClInclude Include="..\..\src\FTGL\FTPolyGlyph.h">
      <Filter>Header Files\FTGL</Filter>
    </ClInclude>
    <ClInclude Include="..\..\src\FTGL\FTSimpleLayout.h">
      <Filter>Header Files\FTGL</Filter>
    </ClInclude>
    <ClInclude Include="..\..\src\FTGL\FTTextureGlyph.h">
      <Filter>Header Files\FTGL</Filter>
    </ClInclude>
    <ClInclude Include="..\..\src\FTLayout\FTLayoutImpl.h">
      <Filter>Header Files\FTLayout</Filter>
    </ClInclude>
    <ClInclude Include="..\..\src\FTLayout\FTSimpleLayoutImpl.h">
      <Filter>Header Files\FTLayout</Filter>
    </ClInclude>
  </ItemGroup>
  <ItemGroup>
    <None Include="ReadMe.txt" />
  </ItemGroup>
</Project>